
Microsoft Visual Studio Solution File, Format Version 12.00
# Visual Studio 15
Project("{FAE04EC0-301F-11D3-BF4B-00C04F79EFBC}") = "HackathonEq2018Ocr", "HackathonEq2018Ocr.csproj", "{37CFC226-53DE-4B2E-966E-10D71A993489}"
EndProject
Global
	GlobalSection(SolutionConfigurationPlatforms) = preSolution
		Debug|Any CPU = Debug|Any CPU
		Release|Any CPU = Release|Any CPU
	EndGlobalSection
	GlobalSection(ProjectConfigurationPlatforms) = postSolution
		{37CFC226-53DE-4B2E-966E-10D71A993489}.Debug|Any CPU.ActiveCfg = Debug|Any CPU
		{37CFC226-53DE-4B2E-966E-10D71A993489}.Debug|Any CPU.Build.0 = Debug|Any CPU
		{37CFC226-53DE-4B2E-966E-10D71A993489}.Release|Any CPU.ActiveCfg = Release|Any CPU
		{37CFC226-53DE-4B2E-966E-10D71A993489}.Release|Any CPU.Build.0 = Release|Any CPU
	EndGlobalSection
EndGlobal
